
Microsoft Visual Studio Solution File, Format Version 12.00
# Visual Studio 15
VisualStudioVersion = 15.0.28307.421
MinimumVisualStudioVersion = 10.0.40219.1
Project("{2150E333-8FDC-42A3-9474-1A3956D46DE8}") = "_solution_files", "_solution_files", "{59270EE4-6852-45EB-83FA-3D06E242B2A9}"
	ProjectSection(SolutionItems) = preProject
		.gitattributes = .gitattributes
		.gitignore = .gitignore
		GitVersion.yml = GitVersion.yml
		LICENSE = LICENSE
		NuGet.config = NuGet.config
		README.md = README.md
	EndProjectSection
EndProject
Project("{FAE04EC0-301F-11D3-BF4B-00C04F79EFBC}") = "typeform.sdk.csharp", "typeform.sdk.csharp\typeform.sdk.csharp.csproj", "{EA4089B4-3653-4ACA-B778-8ECA41979F26}"
EndProject
Project("{FAE04EC0-301F-11D3-BF4B-00C04F79EFBC}") = "Typeform.Sdk.CSharp.UnitTests", "Typeform.Sdk.CSharp.UnitTests\Typeform.Sdk.CSharp.UnitTests.csproj", "{6AF32E92-1FF0-403E-94B1-A1F3A75EAC9F}"
EndProject
Global
	GlobalSection(SolutionConfigurationPlatforms) = preSolution
		Debug|Any CPU = Debug|Any CPU
		Release|Any CPU = Release|Any CPU
	EndGlobalSection
	GlobalSection(ProjectConfigurationPlatforms) = postSolution
		{EA4089B4-3653-4ACA-B778-8ECA41979F26}.Debug|Any CPU.ActiveCfg = Debug|Any CPU
		{EA4089B4-3653-4ACA-B778-8ECA41979F26}.Debug|Any CPU.Build.0 = Debug|Any CPU
		{EA4089B4-3653-4ACA-B778-8ECA41979F26}.Release|Any CPU.ActiveCfg = Release|Any CPU
		{EA4089B4-3653-4ACA-B778-8ECA41979F26}.Release|Any CPU.Build.0 = Release|Any CPU
		{6AF32E92-1FF0-403E-94B1-A1F3A75EAC9F}.Debug|Any CPU.ActiveCfg = Debug|Any CPU
		{6AF32E92-1FF0-403E-94B1-A1F3A75EAC9F}.Debug|Any CPU.Build.0 = Debug|Any CPU
		{6AF32E92-1FF0-403E-94B1-A1F3A75EAC9F}.Release|Any CPU.ActiveCfg = Release|Any CPU
		{6AF32E92-1FF0-403E-94B1-A1F3A75EAC9F}.Release|Any CPU.Build.0 = Release|Any CPU
	EndGlobalSection
	GlobalSection(SolutionProperties) = preSolution
		HideSolutionNode = FALSE
	EndGlobalSection
	GlobalSection(ExtensibilityGlobals) = postSolution
		SolutionGuid = {79A92B4F-ABC6-488F-AD4B-86536E84DDBA}
	EndGlobalSection
EndGlobal
